// !$*UTF8*$!
{
	archiveVersion = 1;
	classes = {
	};
	objectVersion = 77;
	objects = {

/* Begin PBXContainerItemProxy section */
		5820C3252D95BFDA002BC9EB /* PBXContainerItemProxy */ = {
			isa = PBXContainerItemProxy;
			containerPortal = 5820C30B2D95BFD9002BC9EB /* Project object */;
			proxyType = 1;
			remoteGlobalIDString = 5820C3122D95BFD9002BC9EB;
			remoteInfo = StarWarsExplorer;
		};
		5820C32F2D95BFDA002BC9EB /* PBXContainerItemProxy */ = {
			isa = PBXContainerItemProxy;
			containerPortal = 5820C30B2D95BFD9002BC9EB /* Project object */;
			proxyType = 1;
			remoteGlobalIDString = 5820C3122D95BFD9002BC9EB;
			remoteInfo = StarWarsExplorer;
		};
/* End PBXContainerItemProxy section */

/* Begin PBXFileReference section */
		5820C3132D95BFD9002BC9EB /* StarWarsExplorer.app */ = {isa = PBXFileReference; explicitFileType = wrapper.application; includeInIndex = 0; path = StarWarsExplorer.app; sourceTree = BUILT_PRODUCTS_DIR; };
		5820C3242D95BFDA002BC9EB /* StarWarsExplorerTests.xctest */ = {isa = PBXFileReference; explicitFileType = wrapper.cfbundle; includeInIndex = 0; path = StarWarsExplorerTests.xctest; sourceTree = BUILT_PRODUCTS_DIR; };
		5820C32E2D95BFDA002BC9EB /* StarWarsExplorerUITests.xctest */ = {isa = PBXFileReference; explicitFileType = wrapper.cfbundle; includeInIndex = 0; path = StarWarsExplorerUITests.xctest; sourceTree = BUILT_PRODUCTS_DIR; };
/* End PBXFileReference section */

/* Begin PBXFileSystemSynchronizedBuildFileExceptionSet section */
		5820C3452D95C1E2002BC9EB /* Exceptions for "StarWarsExplorer" folder in "StarWarsExplorerTests" target */ = {
			isa = PBXFileSystemSynchronizedBuildFileExceptionSet;
			membershipExceptions = (
				CharactersList/CharacterListViewModel.swift,
				CharactersList/Components/CharacterDetails/CharacterDetailsView.swift,
				CharactersList/Components/CharacterDetails/CharacterDetailsViewModel.swift,
				CharactersList/Components/CharacterDetails/DetailView.swift,
				CharactersList/Components/CharactersListItem/CharactersListItemView.swift,
				Common/ResponseErrors.swift,
				Models/Character.swift,
				Models/CharacterListItem.swift,
				Sources/CacheManager.swift,
				Sources/CharactersAPIService.swift,
			);
			target = 5820C3232D95BFDA002BC9EB /* StarWarsExplorerTests */;
		};
		5820C3462D95C1E2002BC9EB /* Exceptions for "StarWarsExplorer" folder in "StarWarsExplorerUITests" target */ = {
			isa = PBXFileSystemSynchronizedBuildFileExceptionSet;
			membershipExceptions = (
				CharactersList/CharacterListViewModel.swift,
				CharactersList/Components/CharacterDetails/CharacterDetailsView.swift,
				CharactersList/Components/CharacterDetails/CharacterDetailsViewModel.swift,
				CharactersList/Components/CharacterDetails/DetailView.swift,
				CharactersList/Components/CharactersListItem/CharactersListItemView.swift,
				Common/ResponseErrors.swift,
				Models/Character.swift,
				Models/CharacterListItem.swift,
				Sources/CacheManager.swift,
				Sources/CharactersAPIService.swift,
			);
			target = 5820C32D2D95BFDA002BC9EB /* StarWarsExplorerUITests */;
		};
/* End PBXFileSystemSynchronizedBuildFileExceptionSet section */

/* Begin PBXFileSystemSynchronizedRootGroup section */
		5820C3152D95BFD9002BC9EB /* StarWarsExplorer */ = {
			isa = PBXFileSystemSynchronizedRootGroup;
			exceptions = (
				5820C3452D95C1E2002BC9EB /* Exceptions for "StarWarsExplorer" folder in "StarWarsExplorerTests" target */,
				5820C3462D95C1E2002BC9EB /* Exceptions for "StarWarsExplorer" folder in "StarWarsExplorerUITests" target */,
			);
			path = StarWarsExplorer;
			sourceTree = "<group>";
		};
/* End PBXFileSystemSynchronizedRootGroup section */

/* Begin PBXFrameworksBuildPhase section */
		5820C3102D95BFD9002BC9EB /* Frameworks */ = {
			isa = PBXFrameworksBuildPhase;
			buildActionMask = 2147483647;
			files = (
			);
			runOnlyForDeploymentPostprocessing = 0;
		};
		5820C3212D95BFDA002BC9EB /* Frameworks */ = {
			isa = PBXFrameworksBuildPhase;
			buildActionMask = 2147483647;
			files = (
			);
			runOnlyForDeploymentPostprocessing = 0;
		};
		5820C32B2D95BFDA002BC9EB /* Frameworks */ = {
			isa = PBXFrameworksBuildPhase;
			buildActionMask = 2147483647;
			files = (
			);
			runOnlyForDeploymentPostprocessing = 0;
		};
/* End PBXFrameworksBuildPhase section */

/* Begin PBXGroup section */
		5820C30A2D95BFD9002BC9EB = {
			isa = PBXGroup;
			children = (
				5820C3152D95BFD9002BC9EB /* StarWarsExplorer */,
				5820C3142D95BFD9002BC9EB /* Products */,
			);
			sourceTree = "<group>";
		};
		5820C3142D95BFD9002BC9EB /* Products */ = {
			isa = PBXGroup;
			children = (
				5820C3132D95BFD9002BC9EB /* StarWarsExplorer.app */,
				5820C3242D95BFDA002BC9EB /* StarWarsExplorerTests.xctest */,
				5820C32E2D95BFDA002BC9EB /* StarWarsExplorerUITests.xctest */,
			);
			name = Products;
			sourceTree = "<group>";
		};
/* End PBXGroup section */

/* Begin PBXNativeTarget section */
		5820C3122D95BFD9002BC9EB /* StarWarsExplorer */ = {
			isa = PBXNativeTarget;
			buildConfigurationList = 5820C3382D95BFDA002BC9EB /* Build configuration list for PBXNativeTarget "StarWarsExplorer" */;
			buildPhases = (
				5820C30F2D95BFD9002BC9EB /* Sources */,
				5820C3102D95BFD9002BC9EB /* Frameworks */,
				5820C3112D95BFD9002BC9EB /* Resources */,
			);
			buildRules = (
			);
			dependencies = (
			);
			fileSystemSynchronizedGroups = (
				5820C3152D95BFD9002BC9EB /* StarWarsExplorer */,
			);
			name = StarWarsExplorer;
			packageProductDependencies = (
			);
			productName = StarWarsExplorer;
			productReference = 5820C3132D95BFD9002BC9EB /* StarWarsExplorer.app */;
			productType = "com.apple.product-type.application";
		};
		5820C3232D95BFDA002BC9EB /* StarWarsExplorerTests */ = {
			isa = PBXNativeTarget;
			buildConfigurationList = 5820C33B2D95BFDA002BC9EB /* Build configuration list for PBXNativeTarget "StarWarsExplorerTests" */;
			buildPhases = (
				5820C3202D95BFDA002BC9EB /* Sources */,
				5820C3212D95BFDA002BC9EB /* Frameworks */,
				5820C3222D95BFDA002BC9EB /* Resources */,
			);
			buildRules = (
			);
			dependencies = (
				5820C3262D95BFDA002BC9EB /* PBXTargetDependency */,
			);
			name = StarWarsExplorerTests;
			packageProductDependencies = (
			);
			productName = StarWarsExplorerTests;
			productReference = 5820C3242D95BFDA002BC9EB /* StarWarsExplorerTests.xctest */;
			productType = "com.apple.product-type.bundle.unit-test";
		};
		5820C32D2D95BFDA002BC9EB /* StarWarsExplorerUITests */ = {
			isa = PBXNativeTarget;
			buildConfigurationList = 5820C33E2D95BFDA002BC9EB /* Build configuration list for PBXNativeTarget "StarWarsExplorerUITests" */;
			buildPhases = (
				5820C32A2D95BFDA002BC9EB /* Sources */,
				5820C32B2D95BFDA002BC9EB /* Frameworks */,
				5820C32C2D95BFDA002BC9EB /* Resources */,
			);
			buildRules = (
			);
			dependencies = (
				5820C3302D95BFDA002BC9EB /* PBXTargetDependency */,
			);
			name = StarWarsExplorerUITests;
			packageProductDependencies = (
			);
			productName = StarWarsExplorerUITests;
			productReference = 5820C32E2D95BFDA002BC9EB /* StarWarsExplorerUITests.xctest */;
			productType = "com.apple.product-type.bundle.ui-testing";
		};
/* End PBXNativeTarget section */

/* Begin PBXProject section */
		5820C30B2D95BFD9002BC9EB /* Project object */ = {
			isa = PBXProject;
			attributes = {
				BuildIndependentTargetsInParallel = 1;
				LastSwiftUpdateCheck = 1620;
				LastUpgradeCheck = 1620;
				TargetAttributes = {
					5820C3122D95BFD9002BC9EB = {
						CreatedOnToolsVersion = 16.2;
					};
					5820C3232D95BFDA002BC9EB = {
						CreatedOnToolsVersion = 16.2;
						TestTargetID = 5820C3122D95BFD9002BC9EB;
					};
					5820C32D2D95BFDA002BC9EB = {
						CreatedOnToolsVersion = 16.2;
						TestTargetID = 5820C3122D95BFD9002BC9EB;
					};
				};
			};
			buildConfigurationList = 5820C30E2D95BFD9002BC9EB /* Build configuration list for PBXProject "StarWarsExplorer" */;
			developmentRegion = en;
			hasScannedForEncodings = 0;
			knownRegions = (
				en,
				Base,
			);
			mainGroup = 5820C30A2D95BFD9002BC9EB;
			minimizedProjectReferenceProxies = 1;
			preferredProjectObjectVersion = 77;
			productRefGroup = 5820C3142D95BFD9002BC9EB /* Products */;
			projectDirPath = "";
			projectRoot = "";
			targets = (
				5820C3122D95BFD9002BC9EB /* StarWarsExplorer */,
				5820C3232D95BFDA002BC9EB /* StarWarsExplorerTests */,
				5820C32D2D95BFDA002BC9EB /* StarWarsExplorerUITests */,
			);
		};
/* End PBXProject section */

/* Begin PBXResourcesBuildPhase section */
		5820C3112D95BFD9002BC9EB /* Resources */ = {
			isa = PBXResourcesBuildPhase;
			buildActionMask = 2147483647;
			files = (
			);
			runOnlyForDeploymentPostprocessing = 0;
		};
		5820C3222D95BFDA002BC9EB /* Resources */ = {
			isa = PBXResourcesBuildPhase;
			buildActionMask = 2147483647;
			files = (
			);
			runOnlyForDeploymentPostprocessing = 0;
		};
		5820C32C2D95BFDA002BC9EB /* Resources */ = {
			isa = PBXResourcesBuildPhase;
			buildActionMask = 2147483647;
			files = (
			);
			runOnlyForDeploymentPostprocessing = 0;
		};
/* End PBXResourcesBuildPhase section */

/* Begin PBXSourcesBuildPhase section */
		5820C30F2D95BFD9002BC9EB /* Sources */ = {
			isa = PBXSourcesBuildPhase;
			buildActionMask = 2147483647;
			files = (
			);
			runOnlyForDeploymentPostprocessing = 0;
		};
		5820C3202D95BFDA002BC9EB /* Sources */ = {
			isa = PBXSourcesBuildPhase;
			buildActionMask = 2147483647;
			files = (
			);
			runOnlyForDeploymentPostprocessing = 0;
		};
		5820C32A2D95BFDA002BC9EB /* Sources */ = {
			isa = PBXSourcesBuildPhase;
			buildActionMask = 2147483647;
			files = (
			);
			runOnlyForDeploymentPostprocessing = 0;
		};
/* End PBXSourcesBuildPhase section */

/* Begin PBXTargetDependency section */
		5820C3262D95BFDA002BC9EB /* PBXTargetDependency */ = {
			isa = PBXTargetDependency;
			target = 5820C3122D95BFD9002BC9EB /* StarWarsExplorer */;
			targetProxy = 5820C3252D95BFDA002BC9EB /* PBXContainerItemProxy */;
		};
		5820C3302D95BFDA002BC9EB /* PBXTargetDependency */ = {
			isa = PBXTargetDependency;
			target = 5820C3122D95BFD9002BC9EB /* StarWarsExplorer */;
			targetProxy = 5820C32F2D95BFDA002BC9EB /* PBXContainerItemProxy */;
		};
/* End PBXTargetDependency section */

/* Begin XCBuildConfiguration section */
		5820C3362D95BFDA002BC9EB /* Debug */ = {
			isa = XCBuildConfiguration;
			buildSettings = {
				ALWAYS_SEARCH_USER_PATHS = NO;
				ASSETCATALOG_COMPILER_GENERATE_SWIFT_ASSET_SYMBOL_EXTENSIONS = YES;
				CLANG_ANALYZER_NONNULL = YES;
				CLANG_ANALYZER_NUMBER_OBJECT_CONVERSION = YES_AGGRESSIVE;
				CLANG_CXX_LANGUAGE_STANDARD = "gnu++20";
				CLANG_ENABLE_MODULES = YES;
				CLANG_ENABLE_OBJC_ARC = YES;
				CLANG_ENABLE_OBJC_WEAK = YES;
				CLANG_WARN_BLOCK_CAPTURE_AUTORELEASING = YES;
				CLANG_WARN_BOOL_CONVERSION = YES;
				CLANG_WARN_COMMA = YES;
				CLANG_WARN_CONSTANT_CONVERSION = YES;
				CLANG_WARN_DEPRECATED_OBJC_IMPLEMENTATIONS = YES;
				CLANG_WARN_DIRECT_OBJC_ISA_USAGE = YES_ERROR;
				CLANG_WARN_DOCUMENTATION_COMMENTS = YES;
				CLANG_WARN_EMPTY_BODY = YES;
				CLANG_WARN_ENUM_CONVERSION = YES;
				CLANG_WARN_INFINITE_RECURSION = YES;
				CLANG_WARN_INT_CONVERSION = YES;
				CLANG_WARN_NON_LITERAL_NULL_CONVERSION = YES;
				CLANG_WARN_OBJC_IMPLICIT_RETAIN_SELF = YES;
				CLANG_WARN_OBJC_LITERAL_CONVERSION = YES;
				CLANG_WARN_OBJC_ROOT_CLASS = YES_ERROR;
				CLANG_WARN_QUOTED_INCLUDE_IN_FRAMEWORK_HEADER = YES;
				CLANG_WARN_RANGE_LOOP_ANALYSIS = YES;
				CLANG_WARN_STRICT_PROTOTYPES = YES;
				CLANG_WARN_SUSPICIOUS_MOVE = YES;
				CLANG_WARN_UNGUARDED_AVAILABILITY = YES_AGGRESSIVE;
				CLANG_WARN_UNREACHABLE_CODE = YES;
				CLANG_WARN__DUPLICATE_METHOD_MATCH = YES;
				COPY_PHASE_STRIP = NO;
				DEBUG_INFORMATION_FORMAT = dwarf;
				ENABLE_STRICT_OBJC_MSGSEND = YES;
				ENABLE_TESTABILITY = YES;
				ENABLE_USER_SCRIPT_SANDBOXING = YES;
				GCC_C_LANGUAGE_STANDARD = gnu17;
				GCC_DYNAMIC_NO_PIC = NO;
				GCC_NO_COMMON_BLOCKS = YES;
				GCC_OPTIMIZATION_LEVEL = 0;
				GCC_PREPROCESSOR_DEFINITIONS = (
					"DEBUG=1",
					"$(inherited)",
				);
				GCC_WARN_64_TO_32_BIT_CONVERSION = YES;
				GCC_WARN_ABOUT_RETURN_TYPE = YES_ERROR;
				GCC_WARN_UNDECLARED_SELECTOR = YES;
				GCC_WARN_UNINITIALIZED_AUTOS = YES_AGGRESSIVE;
				GCC_WARN_UNUSED_FUNCTION = YES;
				GCC_WARN_UNUSED_VARIABLE = YES;
				LOCALIZATION_PREFERS_STRING_CATALOGS = YES;
				MTL_ENABLE_DEBUG_INFO = INCLUDE_SOURCE;
				MTL_FAST_MATH = YES;
				ONLY_ACTIVE_ARCH = YES;
				SWIFT_ACTIVE_COMPILATION_CONDITIONS = "DEBUG $(inherited)";
				SWIFT_OPTIMIZATION_LEVEL = "-Onone";
			};
			name = Debug;
		};
		5820C3372D95BFDA002BC9EB /* Release */ = {
			isa = XCBuildConfiguration;
			buildSettings = {
				ALWAYS_SEARCH_USER_PATHS = NO;
				ASSETCATALOG_COMPILER_GENERATE_SWIFT_ASSET_SYMBOL_EXTENSIONS = YES;
				CLANG_ANALYZER_NONNULL = YES;
				CLANG_ANALYZER_NUMBER_OBJECT_CONVERSION = YES_AGGRESSIVE;
				CLANG_CXX_LANGUAGE_STANDARD = "gnu++20";
				CLANG_ENABLE_MODULES = YES;
				CLANG_ENABLE_OBJC_ARC = YES;
				CLANG_ENABLE_OBJC_WEAK = YES;
				CLANG_WARN_BLOCK_CAPTURE_AUTORELEASING = YES;
				CLANG_WARN_BOOL_CONVERSION = YES;
				CLANG_WARN_COMMA = YES;
				CLANG_WARN_CONSTANT_CONVERSION = YES;
				CLANG_WARN_DEPRECATED_OBJC_IMPLEMENTATIONS = YES;
				CLANG_WARN_DIRECT_OBJC_ISA_USAGE = YES_ERROR;
				CLANG_WARN_DOCUMENTATION_COMMENTS = YES;
				CLANG_WARN_EMPTY_BODY = YES;
				CLANG_WARN_ENUM_CONVERSION = YES;
				CLANG_WARN_INFINITE_RECURSION = YES;
				CLANG_WARN_INT_CONVERSION = YES;
				CLANG_WARN_NON_LITERAL_NULL_CONVERSION = YES;
				CLANG_WARN_OBJC_IMPLICIT_RETAIN_SELF = YES;
				CLANG_WARN_OBJC_LITERAL_CONVERSION = YES;
				CLANG_WARN_OBJC_ROOT_CLASS = YES_ERROR;
				CLANG_WARN_QUOTED_INCLUDE_IN_FRAMEWORK_HEADER = YES;
				CLANG_WARN_RANGE_LOOP_ANALYSIS = YES;
				CLANG_WARN_STRICT_PROTOTYPES = YES;
				CLANG_WARN_SUSPICIOUS_MOVE = YES;
				CLANG_WARN_UNGUARDED_AVAILABILITY = YES_AGGRESSIVE;
				CLANG_WARN_UNREACHABLE_CODE = YES;
				CLANG_WARN__DUPLICATE_METHOD_MATCH = YES;
				COPY_PHASE_STRIP = NO;
				DEBUG_INFORMATION_FORMAT = "dwarf-with-dsym";
				ENABLE_NS_ASSERTIONS = NO;
				ENABLE_STRICT_OBJC_MSGSEND = YES;
				ENABLE_USER_SCRIPT_SANDBOXING = YES;
				GCC_C_LANGUAGE_STANDARD = gnu17;
				GCC_NO_COMMON_BLOCKS = YES;
				GCC_WARN_64_TO_32_BIT_CONVERSION = YES;
				GCC_WARN_ABOUT_RETURN_TYPE = YES_ERROR;
				GCC_WARN_UNDECLARED_SELECTOR = YES;
				GCC_WARN_UNINITIALIZED_AUTOS = YES_AGGRESSIVE;
				GCC_WARN_UNUSED_FUNCTION = YES;
				GCC_WARN_UNUSED_VARIABLE = YES;
				LOCALIZATION_PREFERS_STRING_CATALOGS = YES;
				MTL_ENABLE_DEBUG_INFO = NO;
				MTL_FAST_MATH = YES;
				SWIFT_COMPILATION_MODE = wholemodule;
			};
			name = Release;
		};
		5820C3392D95BFDA002BC9EB /* Debug */ = {
			isa = XCBuildConfiguration;
			buildSettings = {
				ASSETCATALOG_COMPILER_APPICON_NAME = AppIcon;
				ASSETCATALOG_COMPILER_GLOBAL_ACCENT_COLOR_NAME = AccentColor;
				CODE_SIGN_ENTITLEMENTS = StarWarsExplorer/StarWarsExplorer.entitlements;
				CODE_SIGN_STYLE = Automatic;
				CURRENT_PROJECT_VERSION = 1;
				DEVELOPMENT_ASSET_PATHS = "\"StarWarsExplorer/Preview Content\"";
				DEVELOPMENT_TEAM = 88QFX7QTH4;
				ENABLE_HARDENED_RUNTIME = YES;
				ENABLE_PREVIEWS = YES;
				GENERATE_INFOPLIST_FILE = YES;
				"INFOPLIST_KEY_UIApplicationSceneManifest_Generation[sdk=iphoneos*]" = YES;
				"INFOPLIST_KEY_UIApplicationSceneManifest_Generation[sdk=iphonesimulator*]" = YES;
				"INFOPLIST_KEY_UIApplicationSupportsIndirectInputEvents[sdk=iphoneos*]" = YES;
				"INFOPLIST_KEY_UIApplicationSupportsIndirectInputEvents[sdk=iphonesimulator*]" = YES;
				"INFOPLIST_KEY_UILaunchScreen_Generation[sdk=iphoneos*]" = YES;
				"INFOPLIST_KEY_UILaunchScreen_Generation[sdk=iphonesimulator*]" = YES;
				"INFOPLIST_KEY_UIStatusBarStyle[sdk=iphoneos*]" = UIStatusBarStyleDefault;
				"INFOPLIST_KEY_UIStatusBarStyle[sdk=iphonesimulator*]" = UIStatusBarStyleDefault;
				INFOPLIST_KEY_UISupportedInterfaceOrientations_iPad = "UIInterfaceOrientationPortrait UIInterfaceOrientationPortraitUpsideDown UIInterfaceOrientationLandscapeLeft UIInterfaceOrientationLandscapeRight";
				INFOPLIST_KEY_UISupportedInterfaceOrientations_iPhone = "UIInterfaceOrientationPortrait UIInterfaceOrientationLandscapeLeft UIInterfaceOrientationLandscapeRight";
				IPHONEOS_DEPLOYMENT_TARGET = 18.2;
				LD_RUNPATH_SEARCH_PATHS = "@executable_path/Frameworks";
				"LD_RUNPATH_SEARCH_PATHS[sdk=macosx*]" = "@executable_path/../Frameworks";
				MACOSX_DEPLOYMENT_TARGET = 15.2;
				MARKETING_VERSION = 1.0;
				PRODUCT_BUNDLE_IDENTIFIER = com.example.StarWarsExplorer;
				PRODUCT_NAME = "$(TARGET_NAME)";
				SDKROOT = auto;
				SUPPORTED_PLATFORMS = "iphoneos iphonesimulator macosx xros xrsimulator";
				SWIFT_EMIT_LOC_STRINGS = YES;
				SWIFT_VERSION = 5.0;
				TARGETED_DEVICE_FAMILY = "1,2,7";
				XROS_DEPLOYMENT_TARGET = 2.2;
			};
			name = Debug;
		};
		5820C33A2D95BFDA002BC9EB /* Release */ = {
			isa = XCBuildConfiguration;
			buildSettings = {
				ASSETCATALOG_COMPILER_APPICON_NAME = AppIcon;
				ASSETCATALOG_COMPILER_GLOBAL_ACCENT_COLOR_NAME = AccentColor;
				CODE_SIGN_ENTITLEMENTS = StarWarsExplorer/StarWarsExplorer.entitlements;
				CODE_SIGN_STYLE = Automatic;
				CURRENT_PROJECT_VERSION = 1;
				DEVELOPMENT_ASSET_PATHS = "\"StarWarsExplorer/Preview Content\"";
				DEVELOPMENT_TEAM = 88QFX7QTH4;
				ENABLE_HARDENED_RUNTIME = YES;
				ENABLE_PREVIEWS = YES;
				GENERATE_INFOPLIST_FILE = YES;
				"INFOPLIST_KEY_UIApplicationSceneManifest_Generation[sdk=iphoneos*]" = YES;
				"INFOPLIST_KEY_UIApplicationSceneManifest_Generation[sdk=iphonesimulator*]" = YES;
				"INFOPLIST_KEY_UIApplicationSupportsIndirectInputEvents[sdk=iphoneos*]" = YES;
				"INFOPLIST_KEY_UIApplicationSupportsIndirectInputEvents[sdk=iphonesimulator*]" = YES;
				"INFOPLIST_KEY_UILaunchScreen_Generation[sdk=iphoneos*]" = YES;
				"INFOPLIST_KEY_UILaunchScreen_Generation[sdk=iphonesimulator*]" = YES;
				"INFOPLIST_KEY_UIStatusBarStyle[sdk=iphoneos*]" = UIStatusBarStyleDefault;
				"INFOPLIST_KEY_UIStatusBarStyle[sdk=iphonesimulator*]" = UIStatusBarStyleDefault;
				INFOPLIST_KEY_UISupportedInterfaceOrientations_iPad = "UIInterfaceOrientationPortrait UIInterfaceOrientationPortraitUpsideDown UIInterfaceOrientationLandscapeLeft UIInterfaceOrientationLandscapeRight";
				INFOPLIST_KEY_UISupportedInterfaceOrientations_iPhone = "UIInterfaceOrientationPortrait UIInterfaceOrientationLandscapeLeft UIInterfaceOrientationLandscapeRight";
				IPHONEOS_DEPLOYMENT_TARGET = 18.2;
				LD_RUNPATH_SEARCH_PATHS = "@executable_path/Frameworks";
				"LD_RUNPATH_SEARCH_PATHS[sdk=macosx*]" = "@executable_path/../Frameworks";
				MACOSX_DEPLOYMENT_TARGET = 15.2;
				MARKETING_VERSION = 1.0;
				PRODUCT_BUNDLE_IDENTIFIER = com.example.StarWarsExplorer;
				PRODUCT_NAME = "$(TARGET_NAME)";
				SDKROOT = auto;
				SUPPORTED_PLATFORMS = "iphoneos iphonesimulator macosx xros xrsimulator";
				SWIFT_EMIT_LOC_STRINGS = YES;
				SWIFT_VERSION = 5.0;
				TARGETED_DEVICE_FAMILY = "1,2,7";
				XROS_DEPLOYMENT_TARGET = 2.2;
			};
			name = Release;
		};
		5820C33C2D95BFDA002BC9EB /* Debug */ = {
			isa = XCBuildConfiguration;
			buildSettings = {
				BUNDLE_LOADER = "$(TEST_HOST)";
				CODE_SIGN_STYLE = Automatic;
				CURRENT_PROJECT_VERSION = 1;
				DEVELOPMENT_TEAM = 88QFX7QTH4;
				GENERATE_INFOPLIST_FILE = YES;
				IPHONEOS_DEPLOYMENT_TARGET = 18.2;
				MACOSX_DEPLOYMENT_TARGET = 15.2;
				MARKETING_VERSION = 1.0;
				PRODUCT_BUNDLE_IDENTIFIER = com.example.StarWarsExplorerTests;
				PRODUCT_NAME = "$(TARGET_NAME)";
				SDKROOT = auto;
				SUPPORTED_PLATFORMS = "iphoneos iphonesimulator macosx xros xrsimulator";
				SWIFT_EMIT_LOC_STRINGS = NO;
				SWIFT_VERSION = 5.0;
				TARGETED_DEVICE_FAMILY = "1,2,7";
				TEST_HOST = "$(BUILT_PRODUCTS_DIR)/StarWarsExplorer.app/$(BUNDLE_EXECUTABLE_FOLDER_PATH)/StarWarsExplorer";
				XROS_DEPLOYMENT_TARGET = 2.2;
			};
			name = Debug;
		};
		5820C33D2D95BFDA002BC9EB /* Release */ = {
			isa = XCBuildConfiguration;
			buildSettings = {
				BUNDLE_LOADER = "$(TEST_HOST)";
				CODE_SIGN_STYLE = Automatic;
				CURRENT_PROJECT_VERSION = 1;
				DEVELOPMENT_TEAM = 88QFX7QTH4;
				GENERATE_INFOPLIST_FILE = YES;
				IPHONEOS_DEPLOYMENT_TARGET = 18.2;
				MACOSX_DEPLOYMENT_TARGET = 15.2;
				MARKETING_VERSION = 1.0;
				PRODUCT_BUNDLE_IDENTIFIER = com.example.StarWarsExplorerTests;
				PRODUCT_NAME = "$(TARGET_NAME)";
				SDKROOT = auto;
				SUPPORTED_PLATFORMS = "iphoneos iphonesimulator macosx xros xrsimulator";
				SWIFT_EMIT_LOC_STRINGS = NO;
				SWIFT_VERSION = 5.0;
				TARGETED_DEVICE_FAMILY = "1,2,7";
				TEST_HOST = "$(BUILT_PRODUCTS_DIR)/StarWarsExplorer.app/$(BUNDLE_EXECUTABLE_FOLDER_PATH)/StarWarsExplorer";
				XROS_DEPLOYMENT_TARGET = 2.2;
			};
			name = Release;
		};
		5820C33F2D95BFDA002BC9EB /* Debug */ = {
			isa = XCBuildConfiguration;
			buildSettings = {
				CODE_SIGN_STYLE = Automatic;
				CURRENT_PROJECT_VERSION = 1;
				DEVELOPMENT_TEAM = 88QFX7QTH4;
				GENERATE_INFOPLIST_FILE = YES;
				IPHONEOS_DEPLOYMENT_TARGET = 18.2;
				MACOSX_DEPLOYMENT_TARGET = 15.2;
				MARKETING_VERSION = 1.0;
				PRODUCT_BUNDLE_IDENTIFIER = com.example.StarWarsExplorerUITests;
				PRODUCT_NAME = "$(TARGET_NAME)";
				SDKROOT = auto;
				SUPPORTED_PLATFORMS = "iphoneos iphonesimulator macosx xros xrsimulator";
				SWIFT_EMIT_LOC_STRINGS = NO;
				SWIFT_VERSION = 5.0;
				TARGETED_DEVICE_FAMILY = "1,2,7";
				TEST_TARGET_NAME = StarWarsExplorer;
				XROS_DEPLOYMENT_TARGET = 2.2;
			};
			name = Debug;
		};
		5820C3402D95BFDA002BC9EB /* Release */ = {
			isa = XCBuildConfiguration;
			buildSettings = {
				CODE_SIGN_STYLE = Automatic;
				CURRENT_PROJECT_VERSION = 1;
				DEVELOPMENT_TEAM = 88QFX7QTH4;
				GENERATE_INFOPLIST_FILE = YES;
				IPHONEOS_DEPLOYMENT_TARGET = 18.2;
				MACOSX_DEPLOYMENT_TARGET = 15.2;
				MARKETING_VERSION = 1.0;
				PRODUCT_BUNDLE_IDENTIFIER = com.example.StarWarsExplorerUITests;
				PRODUCT_NAME = "$(TARGET_NAME)";
				SDKROOT = auto;
				SUPPORTED_PLATFORMS = "iphoneos iphonesimulator macosx xros xrsimulator";
				SWIFT_EMIT_LOC_STRINGS = NO;
				SWIFT_VERSION = 5.0;
				TARGETED_DEVICE_FAMILY = "1,2,7";
				TEST_TARGET_NAME = StarWarsExplorer;
				XROS_DEPLOYMENT_TARGET = 2.2;
			};
			name = Release;
		};
/* End XCBuildConfiguration section */

/* Begin XCConfigurationList section */
		5820C30E2D95BFD9002BC9EB /* Build configuration list for PBXProject "StarWarsExplorer" */ = {
			isa = XCConfigurationList;
			buildConfigurations = (
				5820C3362D95BFDA002BC9EB /* Debug */,
				5820C3372D95BFDA002BC9EB /* Release */,
			);
			defaultConfigurationIsVisible = 0;
			defaultConfigurationName = Release;
		};
		5820C3382D95BFDA002BC9EB /* Build configuration list for PBXNativeTarget "StarWarsExplorer" */ = {
			isa = XCConfigurationList;
			buildConfigurations = (
				5820C3392D95BFDA002BC9EB /* Debug */,
				5820C33A2D95BFDA002BC9EB /* Release */,
			);
			defaultConfigurationIsVisible = 0;
			defaultConfigurationName = Release;
		};
		5820C33B2D95BFDA002BC9EB /* Build configuration list for PBXNativeTarget "StarWarsExplorerTests" */ = {
			isa = XCConfigurationList;
			buildConfigurations = (
				5820C33C2D95BFDA002BC9EB /* Debug */,
				5820C33D2D95BFDA002BC9EB /* Release */,
			);
			defaultConfigurationIsVisible = 0;
			defaultConfigurationName = Release;
		};
		5820C33E2D95BFDA002BC9EB /* Build configuration list for PBXNativeTarget "StarWarsExplorerUITests" */ = {
			isa = XCConfigurationList;
			buildConfigurations = (
				5820C33F2D95BFDA002BC9EB /* Debug */,
				5820C3402D95BFDA002BC9EB /* Release */,
			);
			defaultConfigurationIsVisible = 0;
			defaultConfigurationName = Release;
		};
/* End XCConfigurationList section */
	};
	rootObject = 5820C30B2D95BFD9002BC9EB /* Project object */;
}
